// !$*UTF8*$!
{
	archiveVersion = 1;
	classes = {
	};
	objectVersion = 46;
	objects = {

/* Begin PBXBuildFile section */
		364769DC29D2CB8661631EC9 /* Pods_MMMobileMoodleUITests.framework in Frameworks */ = {isa = PBXBuildFile; fileRef = EDF2836F8AF8A834F91A7294 /* Pods_MMMobileMoodleUITests.framework */; };
		72FC599251827AADBA6A41D4 /* Pods_MMMobileMoodleTests.framework in Frameworks */ = {isa = PBXBuildFile; fileRef = B72B8AC750BDE2D3058EAA49 /* Pods_MMMobileMoodleTests.framework */; };
		C53B67A51E0424C800E71274 /* main.m in Sources */ = {isa = PBXBuildFile; fileRef = C53B67A41E0424C800E71274 /* main.m */; };
		C53B67A81E0424C800E71274 /* AppDelegate.m in Sources */ = {isa = PBXBuildFile; fileRef = C53B67A71E0424C800E71274 /* AppDelegate.m */; };
		C53B67B11E0424C800E71274 /* MMMobileMoodle.xcdatamodeld in Sources */ = {isa = PBXBuildFile; fileRef = C53B67AF1E0424C800E71274 /* MMMobileMoodle.xcdatamodeld */; };
		C53B67B31E0424C800E71274 /* Assets.xcassets in Resources */ = {isa = PBXBuildFile; fileRef = C53B67B21E0424C800E71274 /* Assets.xcassets */; };
		C53B67B61E0424C800E71274 /* LaunchScreen.storyboard in Resources */ = {isa = PBXBuildFile; fileRef = C53B67B41E0424C800E71274 /* LaunchScreen.storyboard */; };
		C53B67C11E0424C800E71274 /* MMMobileMoodleTests.m in Sources */ = {isa = PBXBuildFile; fileRef = C53B67C01E0424C800E71274 /* MMMobileMoodleTests.m */; };
		C53B67CC1E0424C800E71274 /* MMMobileMoodleUITests.m in Sources */ = {isa = PBXBuildFile; fileRef = C53B67CB1E0424C800E71274 /* MMMobileMoodleUITests.m */; };
		C580CDFB1E751A7300980375 /* MMViewModel.m in Sources */ = {isa = PBXBuildFile; fileRef = C580CDFA1E751A7300980375 /* MMViewModel.m */; };
		C580CDFE1E751A9F00980375 /* MMCourseListViewModel.m in Sources */ = {isa = PBXBuildFile; fileRef = C580CDFD1E751A9F00980375 /* MMCourseListViewModel.m */; };
		C580CE021E753F4000980375 /* MMViewModelServiceImpl.m in Sources */ = {isa = PBXBuildFile; fileRef = C580CE011E753F4000980375 /* MMViewModelServiceImpl.m */; };
		C580CE051E7541C200980375 /* SigninViewController.xib in Resources */ = {isa = PBXBuildFile; fileRef = C580CE041E7541C200980375 /* SigninViewController.xib */; };
		C580CE081E7541FA00980375 /* SigninViewController.m in Sources */ = {isa = PBXBuildFile; fileRef = C580CE071E7541FA00980375 /* SigninViewController.m */; };
		C580CE0C1E75436E00980375 /* MMSigninViewModel.m in Sources */ = {isa = PBXBuildFile; fileRef = C580CE0B1E75436E00980375 /* MMSigninViewModel.m */; };
		C580CE101E7543C600980375 /* MMArchiveViewModel.m in Sources */ = {isa = PBXBuildFile; fileRef = C580CE0F1E7543C600980375 /* MMArchiveViewModel.m */; };
		C580CE141E7543E000980375 /* MMMeViewModel.m in Sources */ = {isa = PBXBuildFile; fileRef = C580CE131E7543E000980375 /* MMMeViewModel.m */; };
		C580CE181E75443500980375 /* MMMoodleViewModel.m in Sources */ = {isa = PBXBuildFile; fileRef = C580CE171E75443500980375 /* MMMoodleViewModel.m */; };
		C580CE1B1E75536A00980375 /* MMMoodleViewController.xib in Resources */ = {isa = PBXBuildFile; fileRef = C580CE1A1E75536A00980375 /* MMMoodleViewController.xib */; };
		C580CE1E1E7553A100980375 /* MMBaseViewController.m in Sources */ = {isa = PBXBuildFile; fileRef = C580CE1D1E7553A100980375 /* MMBaseViewController.m */; };
		C580CE211E7553B800980375 /* MMMoodleViewController.m in Sources */ = {isa = PBXBuildFile; fileRef = C580CE201E7553B800980375 /* MMMoodleViewController.m */; };
		C580CE291E75605A00980375 /* MMArchiveViewController.m in Sources */ = {isa = PBXBuildFile; fileRef = C580CE281E75605A00980375 /* MMArchiveViewController.m */; };
		C580CE2B1E75607300980375 /* MMArchiveViewController.xib in Resources */ = {isa = PBXBuildFile; fileRef = C580CE2A1E75607300980375 /* MMArchiveViewController.xib */; };
		C580CE2E1E75609200980375 /* MMMeViewController.m in Sources */ = {isa = PBXBuildFile; fileRef = C580CE2D1E75609200980375 /* MMMeViewController.m */; };
		C580CE301E7560A300980375 /* MMMeViewController.xib in Resources */ = {isa = PBXBuildFile; fileRef = C580CE2F1E7560A300980375 /* MMMeViewController.xib */; };
		C59062EA1E04311C007CBC3E /* DatabaseManager.m in Sources */ = {isa = PBXBuildFile; fileRef = C59062C71E04311C007CBC3E /* DatabaseManager.m */; };
		C59062F71E04311C007CBC3E /* JWHTTPSessionManager.m in Sources */ = {isa = PBXBuildFile; fileRef = C59062E41E04311C007CBC3E /* JWHTTPSessionManager.m */; };
		C59062F81E04311C007CBC3E /* NetworkFile.m in Sources */ = {isa = PBXBuildFile; fileRef = C59062E71E04311C007CBC3E /* NetworkFile.m */; };
		C59062F91E04311C007CBC3E /* RequestParameter.m in Sources */ = {isa = PBXBuildFile; fileRef = C59062E91E04311C007CBC3E /* RequestParameter.m */; };
		C590630A1E043B66007CBC3E /* AccountInfo.m in Sources */ = {isa = PBXBuildFile; fileRef = C59063091E043B66007CBC3E /* AccountInfo.m */; };
		C59063121E044200007CBC3E /* MMNetworkManager.m in Sources */ = {isa = PBXBuildFile; fileRef = C59063111E044200007CBC3E /* MMNetworkManager.m */; };
		C59063201E045519007CBC3E /* UserVO.m in Sources */ = {isa = PBXBuildFile; fileRef = C590631F1E045519007CBC3E /* UserVO.m */; };
		C59063261E04E74C007CBC3E /* MMMobileMoodle-Bridging-Header.swift in Sources */ = {isa = PBXBuildFile; fileRef = C59063251E04E74C007CBC3E /* MMMobileMoodle-Bridging-Header.swift */; };
		CA8EA6E71C74B44C6FF6E313 /* Pods_MMMobileMoodle.framework in Frameworks */ = {isa = PBXBuildFile; fileRef = 976905706F4DC99FBE6A20D0 /* Pods_MMMobileMoodle.framework */; };
/* End PBXBuildFile section */

/* Begin PBXContainerItemProxy section */
		C53B67BD1E0424C800E71274 /* PBXContainerItemProxy */ = {
			isa = PBXContainerItemProxy;
			containerPortal = C53B67981E0424C800E71274 /* Project object */;
			proxyType = 1;
			remoteGlobalIDString = C53B679F1E0424C800E71274;
			remoteInfo = MMMobileMoodle;
		};
		C53B67C81E0424C800E71274 /* PBXContainerItemProxy */ = {
			isa = PBXContainerItemProxy;
			containerPortal = C53B67981E0424C800E71274 /* Project object */;
			proxyType = 1;
			remoteGlobalIDString = C53B679F1E0424C800E71274;
			remoteInfo = MMMobileMoodle;
		};
/* End PBXContainerItemProxy section */

/* Begin PBXFileReference section */
		2055FFCAD3DAD8130432453D /* Pods-MMMobileMoodleTests.debug.xcconfig */ = {isa = PBXFileReference; includeInIndex = 1; lastKnownFileType = text.xcconfig; name = "Pods-MMMobileMoodleTests.debug.xcconfig"; path = "Pods/Target Support Files/Pods-MMMobileMoodleTests/Pods-MMMobileMoodleTests.debug.xcconfig"; sourceTree = "<group>"; };
		47063E6BE477996728EE7E60 /* Pods-MMMobileMoodleTests.release.xcconfig */ = {isa = PBXFileReference; includeInIndex = 1; lastKnownFileType = text.xcconfig; name = "Pods-MMMobileMoodleTests.release.xcconfig"; path = "Pods/Target Support Files/Pods-MMMobileMoodleTests/Pods-MMMobileMoodleTests.release.xcconfig"; sourceTree = "<group>"; };
		5046A3D7F145C87166D4C89E /* Pods-MMMobileMoodleUITests.debug.xcconfig */ = {isa = PBXFileReference; includeInIndex = 1; lastKnownFileType = text.xcconfig; name = "Pods-MMMobileMoodleUITests.debug.xcconfig"; path = "Pods/Target Support Files/Pods-MMMobileMoodleUITests/Pods-MMMobileMoodleUITests.debug.xcconfig"; sourceTree = "<group>"; };
		803123F2CAC5DA666D9DBB01 /* Pods-MMMobileMoodle.release.xcconfig */ = {isa = PBXFileReference; includeInIndex = 1; lastKnownFileType = text.xcconfig; name = "Pods-MMMobileMoodle.release.xcconfig"; path = "Pods/Target Support Files/Pods-MMMobileMoodle/Pods-MMMobileMoodle.release.xcconfig"; sourceTree = "<group>"; };
		976905706F4DC99FBE6A20D0 /* Pods_MMMobileMoodle.framework */ = {isa = PBXFileReference; explicitFileType = wrapper.framework; includeInIndex = 0; path = Pods_MMMobileMoodle.framework; sourceTree = BUILT_PRODUCTS_DIR; };
		B72B8AC750BDE2D3058EAA49 /* Pods_MMMobileMoodleTests.framework */ = {isa = PBXFileReference; explicitFileType = wrapper.framework; includeInIndex = 0; path = Pods_MMMobileMoodleTests.framework; sourceTree = BUILT_PRODUCTS_DIR; };
		C2008A73190C3C3D12083BBF /* Pods-MMMobileMoodleUITests.release.xcconfig */ = {isa = PBXFileReference; includeInIndex = 1; lastKnownFileType = text.xcconfig; name = "Pods-MMMobileMoodleUITests.release.xcconfig"; path = "Pods/Target Support Files/Pods-MMMobileMoodleUITests/Pods-MMMobileMoodleUITests.release.xcconfig"; sourceTree = "<group>"; };
		C53B67A01E0424C800E71274 /* MMMobileMoodle.app */ = {isa = PBXFileReference; explicitFileType = wrapper.application; includeInIndex = 0; path = MMMobileMoodle.app; sourceTree = BUILT_PRODUCTS_DIR; };
		C53B67A41E0424C800E71274 /* main.m */ = {isa = PBXFileReference; lastKnownFileType = sourcecode.c.objc; path = main.m; sourceTree = "<group>"; };
		C53B67A61E0424C800E71274 /* AppDelegate.h */ = {isa = PBXFileReference; lastKnownFileType = sourcecode.c.h; path = AppDelegate.h; sourceTree = "<group>"; };
		C53B67A71E0424C800E71274 /* AppDelegate.m */ = {isa = PBXFileReference; lastKnownFileType = sourcecode.c.objc; path = AppDelegate.m; sourceTree = "<group>"; };
		C53B67B01E0424C800E71274 /* MMMobileMoodle.xcdatamodel */ = {isa = PBXFileReference; lastKnownFileType = wrapper.xcdatamodel; path = MMMobileMoodle.xcdatamodel; sourceTree = "<group>"; };
		C53B67B21E0424C800E71274 /* Assets.xcassets */ = {isa = PBXFileReference; lastKnownFileType = folder.assetcatalog; path = Assets.xcassets; sourceTree = "<group>"; };
		C53B67B51E0424C800E71274 /* Base */ = {isa = PBXFileReference; lastKnownFileType = file.storyboard; name = Base; path = Base.lproj/LaunchScreen.storyboard; sourceTree = "<group>"; };
		C53B67B71E0424C800E71274 /* Info.plist */ = {isa = PBXFileReference; lastKnownFileType = text.plist.xml; path = Info.plist; sourceTree = "<group>"; };
		C53B67BC1E0424C800E71274 /* MMMobileMoodleTests.xctest */ = {isa = PBXFileReference; explicitFileType = wrapper.cfbundle; includeInIndex = 0; path = MMMobileMoodleTests.xctest; sourceTree = BUILT_PRODUCTS_DIR; };
		C53B67C01E0424C800E71274 /* MMMobileMoodleTests.m */ = {isa = PBXFileReference; lastKnownFileType = sourcecode.c.objc; path = MMMobileMoodleTests.m; sourceTree = "<group>"; };
		C53B67C21E0424C800E71274 /* Info.plist */ = {isa = PBXFileReference; lastKnownFileType = text.plist.xml; path = Info.plist; sourceTree = "<group>"; };
		C53B67C71E0424C800E71274 /* MMMobileMoodleUITests.xctest */ = {isa = PBXFileReference; explicitFileType = wrapper.cfbundle; includeInIndex = 0; path = MMMobileMoodleUITests.xctest; sourceTree = BUILT_PRODUCTS_DIR; };
		C53B67CB1E0424C800E71274 /* MMMobileMoodleUITests.m */ = {isa = PBXFileReference; lastKnownFileType = sourcecode.c.objc; path = MMMobileMoodleUITests.m; sourceTree = "<group>"; };
		C53B67CD1E0424C800E71274 /* Info.plist */ = {isa = PBXFileReference; lastKnownFileType = text.plist.xml; path = Info.plist; sourceTree = "<group>"; };
		C580CDF91E751A7300980375 /* MMViewModel.h */ = {isa = PBXFileReference; fileEncoding = 4; lastKnownFileType = sourcecode.c.h; name = MMViewModel.h; path = ViewModel/MMViewModel.h; sourceTree = "<group>"; };
		C580CDFA1E751A7300980375 /* MMViewModel.m */ = {isa = PBXFileReference; fileEncoding = 4; lastKnownFileType = sourcecode.c.objc; name = MMViewModel.m; path = ViewModel/MMViewModel.m; sourceTree = "<group>"; };
		C580CDFC1E751A9F00980375 /* MMCourseListViewModel.h */ = {isa = PBXFileReference; fileEncoding = 4; lastKnownFileType = sourcecode.c.h; name = MMCourseListViewModel.h; path = ViewModel/MMCourseListViewModel.h; sourceTree = "<group>"; };
		C580CDFD1E751A9F00980375 /* MMCourseListViewModel.m */ = {isa = PBXFileReference; fileEncoding = 4; lastKnownFileType = sourcecode.c.objc; name = MMCourseListViewModel.m; path = ViewModel/MMCourseListViewModel.m; sourceTree = "<group>"; };
		C580CDFF1E75399E00980375 /* MMViewModelService.h */ = {isa = PBXFileReference; fileEncoding = 4; lastKnownFileType = sourcecode.c.h; name = MMViewModelService.h; path = ViewModel/MMViewModelService.h; sourceTree = "<group>"; };
		C580CE001E753F4000980375 /* MMViewModelServiceImpl.h */ = {isa = PBXFileReference; fileEncoding = 4; lastKnownFileType = sourcecode.c.h; name = MMViewModelServiceImpl.h; path = ViewModel/MMViewModelServiceImpl.h; sourceTree = "<group>"; };
		C580CE011E753F4000980375 /* MMViewModelServiceImpl.m */ = {isa = PBXFileReference; fileEncoding = 4; lastKnownFileType = sourcecode.c.objc; name = MMViewModelServiceImpl.m; path = ViewModel/MMViewModelServiceImpl.m; sourceTree = "<group>"; };
		C580CE041E7541C200980375 /* SigninViewController.xib */ = {isa = PBXFileReference; fileEncoding = 4; lastKnownFileType = file.xib; name = SigninViewController.xib; path = View/Signin/SigninViewController.xib; sourceTree = "<group>"; };
		C580CE061E7541FA00980375 /* SigninViewController.h */ = {isa = PBXFileReference; fileEncoding = 4; lastKnownFileType = sourcecode.c.h; name = SigninViewController.h; path = View/Signin/SigninViewController.h; sourceTree = "<group>"; };
		C580CE071E7541FA00980375 /* SigninViewController.m */ = {isa = PBXFileReference; fileEncoding = 4; lastKnownFileType = sourcecode.c.objc; name = SigninViewController.m; path = View/Signin/SigninViewController.m; sourceTree = "<group>"; };
		C580CE0A1E75436E00980375 /* MMSigninViewModel.h */ = {isa = PBXFileReference; fileEncoding = 4; lastKnownFileType = sourcecode.c.h; name = MMSigninViewModel.h; path = ViewModel/Signin/MMSigninViewModel.h; sourceTree = "<group>"; };
		C580CE0B1E75436E00980375 /* MMSigninViewModel.m */ = {isa = PBXFileReference; fileEncoding = 4; lastKnownFileType = sourcecode.c.objc; name = MMSigninViewModel.m; path = ViewModel/Signin/MMSigninViewModel.m; sourceTree = "<group>"; };
		C580CE0E1E7543C600980375 /* MMArchiveViewModel.h */ = {isa = PBXFileReference; fileEncoding = 4; lastKnownFileType = sourcecode.c.h; name = MMArchiveViewModel.h; path = ViewModel/Archive/MMArchiveViewModel.h; sourceTree = "<group>"; };
		C580CE0F1E7543C600980375 /* MMArchiveViewModel.m */ = {isa = PBXFileReference; fileEncoding = 4; lastKnownFileType = sourcecode.c.objc; name = MMArchiveViewModel.m; path = ViewModel/Archive/MMArchiveViewModel.m; sourceTree = "<group>"; };
		C580CE121E7543E000980375 /* MMMeViewModel.h */ = {isa = PBXFileReference; fileEncoding = 4; lastKnownFileType = sourcecode.c.h; name = MMMeViewModel.h; path = ViewModel/Me/MMMeViewModel.h; sourceTree = "<group>"; };
		C580CE131E7543E000980375 /* MMMeViewModel.m */ = {isa = PBXFileReference; fileEncoding = 4; lastKnownFileType = sourcecode.c.objc; name = MMMeViewModel.m; path = ViewModel/Me/MMMeViewModel.m; sourceTree = "<group>"; };
		C580CE161E75443500980375 /* MMMoodleViewModel.h */ = {isa = PBXFileReference; fileEncoding = 4; lastKnownFileType = sourcecode.c.h; name = MMMoodleViewModel.h; path = ViewModel/Moodle/MMMoodleViewModel.h; sourceTree = "<group>"; };
		C580CE171E75443500980375 /* MMMoodleViewModel.m */ = {isa = PBXFileReference; fileEncoding = 4; lastKnownFileType = sourcecode.c.objc; name = MMMoodleViewModel.m; path = ViewModel/Moodle/MMMoodleViewModel.m; sourceTree = "<group>"; };
		C580CE1A1E75536A00980375 /* MMMoodleViewController.xib */ = {isa = PBXFileReference; fileEncoding = 4; lastKnownFileType = file.xib; name = MMMoodleViewController.xib; path = View/Moodle/MMMoodleViewController.xib; sourceTree = "<group>"; };
		C580CE1C1E7553A100980375 /* MMBaseViewController.h */ = {isa = PBXFileReference; fileEncoding = 4; lastKnownFileType = sourcecode.c.h; name = MMBaseViewController.h; path = View/MMBaseViewController.h; sourceTree = "<group>"; };
		C580CE1D1E7553A100980375 /* MMBaseViewController.m */ = {isa = PBXFileReference; fileEncoding = 4; lastKnownFileType = sourcecode.c.objc; name = MMBaseViewController.m; path = View/MMBaseViewController.m; sourceTree = "<group>"; };
		C580CE1F1E7553B800980375 /* MMMoodleViewController.h */ = {isa = PBXFileReference; fileEncoding = 4; lastKnownFileType = sourcecode.c.h; name = MMMoodleViewController.h; path = View/Moodle/MMMoodleViewController.h; sourceTree = "<group>"; };
		C580CE201E7553B800980375 /* MMMoodleViewController.m */ = {isa = PBXFileReference; fileEncoding = 4; lastKnownFileType = sourcecode.c.objc; name = MMMoodleViewController.m; path = View/Moodle/MMMoodleViewController.m; sourceTree = "<group>"; };
		C580CE271E75605A00980375 /* MMArchiveViewController.h */ = {isa = PBXFileReference; fileEncoding = 4; lastKnownFileType = sourcecode.c.h; name = MMArchiveViewController.h; path = View/Archive/MMArchiveViewController.h; sourceTree = "<group>"; };
		C580CE281E75605A00980375 /* MMArchiveViewController.m */ = {isa = PBXFileReference; fileEncoding = 4; lastKnownFileType = sourcecode.c.objc; name = MMArchiveViewController.m; path = View/Archive/MMArchiveViewController.m; sourceTree = "<group>"; };
		C580CE2A1E75607300980375 /* MMArchiveViewController.xib */ = {isa = PBXFileReference; fileEncoding = 4; lastKnownFileType = file.xib; name = MMArchiveViewController.xib; path = View/Archive/MMArchiveViewController.xib; sourceTree = "<group>"; };
		C580CE2C1E75609200980375 /* MMMeViewController.h */ = {isa = PBXFileReference; fileEncoding = 4; lastKnownFileType = sourcecode.c.h; name = MMMeViewController.h; path = View/Me/MMMeViewController.h; sourceTree = "<group>"; };
		C580CE2D1E75609200980375 /* MMMeViewController.m */ = {isa = PBXFileReference; fileEncoding = 4; lastKnownFileType = sourcecode.c.objc; name = MMMeViewController.m; path = View/Me/MMMeViewController.m; sourceTree = "<group>"; };
		C580CE2F1E7560A300980375 /* MMMeViewController.xib */ = {isa = PBXFileReference; fileEncoding = 4; lastKnownFileType = file.xib; name = MMMeViewController.xib; path = View/Me/MMMeViewController.xib; sourceTree = "<group>"; };
		C59062C61E04311C007CBC3E /* DatabaseManager.h */ = {isa = PBXFileReference; fileEncoding = 4; lastKnownFileType = sourcecode.c.h; path = DatabaseManager.h; sourceTree = "<group>"; };
		C59062C71E04311C007CBC3E /* DatabaseManager.m */ = {isa = PBXFileReference; fileEncoding = 4; lastKnownFileType = sourcecode.c.objc; path = DatabaseManager.m; sourceTree = "<group>"; };
		C59062E11E04311C007CBC3E /* MacroUtils.h */ = {isa = PBXFileReference; fileEncoding = 4; lastKnownFileType = sourcecode.c.h; path = MacroUtils.h; sourceTree = "<group>"; };
		C59062E31E04311C007CBC3E /* JWHTTPSessionManager.h */ = {isa = PBXFileReference; fileEncoding = 4; lastKnownFileType = sourcecode.c.h; path = JWHTTPSessionManager.h; sourceTree = "<group>"; };
		C59062E41E04311C007CBC3E /* JWHTTPSessionManager.m */ = {isa = PBXFileReference; fileEncoding = 4; lastKnownFileType = sourcecode.c.objc; path = JWHTTPSessionManager.m; sourceTree = "<group>"; };
		C59062E51E04311C007CBC3E /* NetworkConstants.h */ = {isa = PBXFileReference; fileEncoding = 4; lastKnownFileType = sourcecode.c.h; path = NetworkConstants.h; sourceTree = "<group>"; };
		C59062E61E04311C007CBC3E /* NetworkFile.h */ = {isa = PBXFileReference; fileEncoding = 4; lastKnownFileType = sourcecode.c.h; path = NetworkFile.h; sourceTree = "<group>"; };
		C59062E71E04311C007CBC3E /* NetworkFile.m */ = {isa = PBXFileReference; fileEncoding = 4; lastKnownFileType = sourcecode.c.objc; path = NetworkFile.m; sourceTree = "<group>"; };
		C59062E81E04311C007CBC3E /* RequestParameter.h */ = {isa = PBXFileReference; fileEncoding = 4; lastKnownFileType = sourcecode.c.h; path = RequestParameter.h; sourceTree = "<group>"; };
		C59062E91E04311C007CBC3E /* RequestParameter.m */ = {isa = PBXFileReference; fileEncoding = 4; lastKnownFileType = sourcecode.c.objc; path = RequestParameter.m; sourceTree = "<group>"; };
		C59063081E043B66007CBC3E /* AccountInfo.h */ = {isa = PBXFileReference; fileEncoding = 4; lastKnownFileType = sourcecode.c.h; name = AccountInfo.h; path = Utils/AccountInfo.h; sourceTree = "<group>"; };
		C59063091E043B66007CBC3E /* AccountInfo.m */ = {isa = PBXFileReference; fileEncoding = 4; lastKnownFileType = sourcecode.c.objc; name = AccountInfo.m; path = Utils/AccountInfo.m; sourceTree = "<group>"; };
		C59063101E044200007CBC3E /* MMNetworkManager.h */ = {isa = PBXFileReference; fileEncoding = 4; lastKnownFileType = sourcecode.c.h; path = MMNetworkManager.h; sourceTree = "<group>"; };
		C59063111E044200007CBC3E /* MMNetworkManager.m */ = {isa = PBXFileReference; fileEncoding = 4; lastKnownFileType = sourcecode.c.objc; path = MMNetworkManager.m; sourceTree = "<group>"; };
		C59063131E044213007CBC3E /* MMNetworkConstants.h */ = {isa = PBXFileReference; fileEncoding = 4; lastKnownFileType = sourcecode.c.h; path = MMNetworkConstants.h; sourceTree = "<group>"; };
		C590631E1E045519007CBC3E /* UserVO.h */ = {isa = PBXFileReference; fileEncoding = 4; lastKnownFileType = sourcecode.c.h; name = UserVO.h; path = VO/UserVO.h; sourceTree = "<group>"; };
		C590631F1E045519007CBC3E /* UserVO.m */ = {isa = PBXFileReference; fileEncoding = 4; lastKnownFileType = sourcecode.c.objc; name = UserVO.m; path = VO/UserVO.m; sourceTree = "<group>"; };
		C59063241E04E74C007CBC3E /* MMMobileMoodle-Bridging-Header.h */ = {isa = PBXFileReference; lastKnownFileType = sourcecode.c.h; path = "MMMobileMoodle-Bridging-Header.h"; sourceTree = "<group>"; };
		C59063251E04E74C007CBC3E /* MMMobileMoodle-Bridging-Header.swift */ = {isa = PBXFileReference; fileEncoding = 4; lastKnownFileType = sourcecode.swift; path = "MMMobileMoodle-Bridging-Header.swift"; sourceTree = "<group>"; };
		CDE3FEDA6A623E7307F6BA0E /* Pods-MMMobileMoodle.debug.xcconfig */ = {isa = PBXFileReference; includeInIndex = 1; lastKnownFileType = text.xcconfig; name = "Pods-MMMobileMoodle.debug.xcconfig"; path = "Pods/Target Support Files/Pods-MMMobileMoodle/Pods-MMMobileMoodle.debug.xcconfig"; sourceTree = "<group>"; };
		EDF2836F8AF8A834F91A7294 /* Pods_MMMobileMoodleUITests.framework */ = {isa = PBXFileReference; explicitFileType = wrapper.framework; includeInIndex = 0; path = Pods_MMMobileMoodleUITests.framework; sourceTree = BUILT_PRODUCTS_DIR; };
/* End PBXFileReference section */

/* Begin PBXFrameworksBuildPhase section */
		C53B679D1E0424C800E71274 /* Frameworks */ = {
			isa = PBXFrameworksBuildPhase;
			buildActionMask = 2147483647;
			files = (
				CA8EA6E71C74B44C6FF6E313 /* Pods_MMMobileMoodle.framework in Frameworks */,
			);
			runOnlyForDeploymentPostprocessing = 0;
		};
		C53B67B91E0424C800E71274 /* Frameworks */ = {
			isa = PBXFrameworksBuildPhase;
			buildActionMask = 2147483647;
			files = (
				72FC599251827AADBA6A41D4 /* Pods_MMMobileMoodleTests.framework in Frameworks */,
			);
			runOnlyForDeploymentPostprocessing = 0;
		};
		C53B67C41E0424C800E71274 /* Frameworks */ = {
			isa = PBXFrameworksBuildPhase;
			buildActionMask = 2147483647;
			files = (
				364769DC29D2CB8661631EC9 /* Pods_MMMobileMoodleUITests.framework in Frameworks */,
			);
			runOnlyForDeploymentPostprocessing = 0;
		};
/* End PBXFrameworksBuildPhase section */

/* Begin PBXGroup section */
		A27BD2B8E96C0B6A1DBCA6C1 /* Frameworks */ = {
			isa = PBXGroup;
			children = (
				976905706F4DC99FBE6A20D0 /* Pods_MMMobileMoodle.framework */,
				B72B8AC750BDE2D3058EAA49 /* Pods_MMMobileMoodleTests.framework */,
				EDF2836F8AF8A834F91A7294 /* Pods_MMMobileMoodleUITests.framework */,
			);
			name = Frameworks;
			sourceTree = "<group>";
		};
		B29276017D5886C7DBA7B8D1 /* Pods */ = {
			isa = PBXGroup;
			children = (
				CDE3FEDA6A623E7307F6BA0E /* Pods-MMMobileMoodle.debug.xcconfig */,
				803123F2CAC5DA666D9DBB01 /* Pods-MMMobileMoodle.release.xcconfig */,
				2055FFCAD3DAD8130432453D /* Pods-MMMobileMoodleTests.debug.xcconfig */,
				47063E6BE477996728EE7E60 /* Pods-MMMobileMoodleTests.release.xcconfig */,
				5046A3D7F145C87166D4C89E /* Pods-MMMobileMoodleUITests.debug.xcconfig */,
				C2008A73190C3C3D12083BBF /* Pods-MMMobileMoodleUITests.release.xcconfig */,
			);
			name = Pods;
			sourceTree = "<group>";
		};
		C53B67971E0424C800E71274 = {
			isa = PBXGroup;
			children = (
				C53B67A21E0424C800E71274 /* MMMobileMoodle */,
				C53B67BF1E0424C800E71274 /* MMMobileMoodleTests */,
				C53B67CA1E0424C800E71274 /* MMMobileMoodleUITests */,
				C53B67A11E0424C800E71274 /* Products */,
				B29276017D5886C7DBA7B8D1 /* Pods */,
				A27BD2B8E96C0B6A1DBCA6C1 /* Frameworks */,
			);
			sourceTree = "<group>";
		};
		C53B67A11E0424C800E71274 /* Products */ = {
			isa = PBXGroup;
			children = (
				C53B67A01E0424C800E71274 /* MMMobileMoodle.app */,
				C53B67BC1E0424C800E71274 /* MMMobileMoodleTests.xctest */,
				C53B67C71E0424C800E71274 /* MMMobileMoodleUITests.xctest */,
			);
			name = Products;
			sourceTree = "<group>";
		};
		C53B67A21E0424C800E71274 /* MMMobileMoodle */ = {
			isa = PBXGroup;
			children = (
				C580CDF81E751A2500980375 /* ViewModel */,
				C590631D1E045504007CBC3E /* VO */,
				C590630F1E044200007CBC3E /* Network */,
				C53B67A61E0424C800E71274 /* AppDelegate.h */,
				C53B67A71E0424C800E71274 /* AppDelegate.m */,
				C53B67B21E0424C800E71274 /* Assets.xcassets */,
				C53B67B71E0424C800E71274 /* Info.plist */,
				C53B67AF1E0424C800E71274 /* MMMobileMoodle.xcdatamodeld */,
				C59062FA1E043160007CBC3E /* ManagedObject */,
				C59062C41E04311C007CBC3E /* Base */,
				C59062C31E0430EA007CBC3E /* Utils */,
				C59062C21E0430E0007CBC3E /* View */,
				C59062C11E0430D9007CBC3E /* Model */,
				C53B67A31E0424C800E71274 /* Supporting Files */,
				C59063251E04E74C007CBC3E /* MMMobileMoodle-Bridging-Header.swift */,
				C59063241E04E74C007CBC3E /* MMMobileMoodle-Bridging-Header.h */,
			);
			path = MMMobileMoodle;
			sourceTree = "<group>";
		};
		C53B67A31E0424C800E71274 /* Supporting Files */ = {
			isa = PBXGroup;
			children = (
				C53B67A41E0424C800E71274 /* main.m */,
			);
			name = "Supporting Files";
			sourceTree = "<group>";
		};
		C53B67BF1E0424C800E71274 /* MMMobileMoodleTests */ = {
			isa = PBXGroup;
			children = (
				C53B67C01E0424C800E71274 /* MMMobileMoodleTests.m */,
				C53B67C21E0424C800E71274 /* Info.plist */,
			);
			path = MMMobileMoodleTests;
			sourceTree = "<group>";
		};
		C53B67CA1E0424C800E71274 /* MMMobileMoodleUITests */ = {
			isa = PBXGroup;
			children = (
				C53B67CB1E0424C800E71274 /* MMMobileMoodleUITests.m */,
				C53B67CD1E0424C800E71274 /* Info.plist */,
			);
			path = MMMobileMoodleUITests;
			sourceTree = "<group>";
		};
		C580CDF81E751A2500980375 /* ViewModel */ = {
			isa = PBXGroup;
			children = (
				C580CE151E75440500980375 /* Moodle */,
				C580CE111E7543CB00980375 /* Me */,
				C580CE0D1E7543AB00980375 /* Archive */,
				C580CE091E75434F00980375 /* Signin */,
				C580CDF91E751A7300980375 /* MMViewModel.h */,
				C580CDFA1E751A7300980375 /* MMViewModel.m */,
				C580CDFC1E751A9F00980375 /* MMCourseListViewModel.h */,
				C580CDFD1E751A9F00980375 /* MMCourseListViewModel.m */,
				C580CDFF1E75399E00980375 /* MMViewModelService.h */,
				C580CE001E753F4000980375 /* MMViewModelServiceImpl.h */,
				C580CE011E753F4000980375 /* MMViewModelServiceImpl.m */,
			);
			name = ViewModel;
			sourceTree = "<group>";
		};
		C580CE031E75418A00980375 /* Signin */ = {
			isa = PBXGroup;
			children = (
				C580CE061E7541FA00980375 /* SigninViewController.h */,
				C580CE071E7541FA00980375 /* SigninViewController.m */,
				C580CE041E7541C200980375 /* SigninViewController.xib */,
			);
			name = Signin;
			sourceTree = "<group>";
		};
		C580CE091E75434F00980375 /* Signin */ = {
			isa = PBXGroup;
			children = (
				C580CE0A1E75436E00980375 /* MMSigninViewModel.h */,
				C580CE0B1E75436E00980375 /* MMSigninViewModel.m */,
			);
			name = Signin;
			sourceTree = "<group>";
		};
		C580CE0D1E7543AB00980375 /* Archive */ = {
			isa = PBXGroup;
			children = (
				C580CE0E1E7543C600980375 /* MMArchiveViewModel.h */,
				C580CE0F1E7543C600980375 /* MMArchiveViewModel.m */,
			);
			name = Archive;
			sourceTree = "<group>";
		};
		C580CE111E7543CB00980375 /* Me */ = {
			isa = PBXGroup;
			children = (
				C580CE121E7543E000980375 /* MMMeViewModel.h */,
				C580CE131E7543E000980375 /* MMMeViewModel.m */,
			);
			name = Me;
			sourceTree = "<group>";
		};
		C580CE151E75440500980375 /* Moodle */ = {
			isa = PBXGroup;
			children = (
				C580CE161E75443500980375 /* MMMoodleViewModel.h */,
				C580CE171E75443500980375 /* MMMoodleViewModel.m */,
			);
			name = Moodle;
			sourceTree = "<group>";
		};
		C580CE191E75533B00980375 /* Moodle */ = {
			isa = PBXGroup;
			children = (
				C580CE1F1E7553B800980375 /* MMMoodleViewController.h */,
				C580CE201E7553B800980375 /* MMMoodleViewController.m */,
				C580CE1A1E75536A00980375 /* MMMoodleViewController.xib */,
			);
			name = Moodle;
			sourceTree = "<group>";
		};
		C580CE221E75543D00980375 /* Assignment */ = {
			isa = PBXGroup;
			children = (
			);
			name = Assignment;
			sourceTree = "<group>";
		};
		C580CE231E75544300980375 /* Notification */ = {
			isa = PBXGroup;
			children = (
			);
			name = Notification;
			sourceTree = "<group>";
		};
		C580CE241E75544900980375 /* Forum */ = {
			isa = PBXGroup;
			children = (
			);
			name = Forum;
			sourceTree = "<group>";
		};
		C580CE251E7554FF00980375 /* Archive */ = {
			isa = PBXGroup;
			children = (
				C580CE271E75605A00980375 /* MMArchiveViewController.h */,
				C580CE281E75605A00980375 /* MMArchiveViewController.m */,
				C580CE2A1E75607300980375 /* MMArchiveViewController.xib */,
			);
			name = Archive;
			sourceTree = "<group>";
		};
		C580CE261E75550D00980375 /* Me */ = {
			isa = PBXGroup;
			children = (
				C580CE2C1E75609200980375 /* MMMeViewController.h */,
				C580CE2D1E75609200980375 /* MMMeViewController.m */,
				C580CE2F1E7560A300980375 /* MMMeViewController.xib */,
			);
			name = Me;
			sourceTree = "<group>";
		};
		C59062C11E0430D9007CBC3E /* Model */ = {
			isa = PBXGroup;
			children = (
			);
			name = Model;
			sourceTree = "<group>";
		};
		C59062C21E0430E0007CBC3E /* View */ = {
			isa = PBXGroup;
			children = (
				C580CE261E75550D00980375 /* Me */,
				C580CE251E7554FF00980375 /* Archive */,
				C580CE241E75544900980375 /* Forum */,
				C580CE231E75544300980375 /* Notification */,
				C580CE221E75543D00980375 /* Assignment */,
				C580CE191E75533B00980375 /* Moodle */,
				C580CE031E75418A00980375 /* Signin */,
				C580CE1C1E7553A100980375 /* MMBaseViewController.h */,
				C580CE1D1E7553A100980375 /* MMBaseViewController.m */,
				C53B67B41E0424C800E71274 /* LaunchScreen.storyboard */,
			);
			name = View;
			sourceTree = "<group>";
		};
		C59062C31E0430EA007CBC3E /* Utils */ = {
			isa = PBXGroup;
			children = (
				C59063081E043B66007CBC3E /* AccountInfo.h */,
				C59063091E043B66007CBC3E /* AccountInfo.m */,
			);
			name = Utils;
			sourceTree = "<group>";
		};
		C59062C41E04311C007CBC3E /* Base */ = {
			isa = PBXGroup;
			children = (
				C59062E11E04311C007CBC3E /* MacroUtils.h */,
				C59062C51E04311C007CBC3E /* Database */,
				C59062E21E04311C007CBC3E /* Network */,
			);
			path = Base;
			sourceTree = "<group>";
		};
		C59062C51E04311C007CBC3E /* Database */ = {
			isa = PBXGroup;
			children = (
				C59062C61E04311C007CBC3E /* DatabaseManager.h */,
				C59062C71E04311C007CBC3E /* DatabaseManager.m */,
			);
			path = Database;
			sourceTree = "<group>";
		};
		C59062E21E04311C007CBC3E /* Network */ = {
			isa = PBXGroup;
			children = (
				C59062E31E04311C007CBC3E /* JWHTTPSessionManager.h */,
				C59062E41E04311C007CBC3E /* JWHTTPSessionManager.m */,
				C59062E51E04311C007CBC3E /* NetworkConstants.h */,
				C59062E61E04311C007CBC3E /* NetworkFile.h */,
				C59062E71E04311C007CBC3E /* NetworkFile.m */,
				C59062E81E04311C007CBC3E /* RequestParameter.h */,
				C59062E91E04311C007CBC3E /* RequestParameter.m */,
			);
			path = Network;
			sourceTree = "<group>";
		};
		C59062FA1E043160007CBC3E /* ManagedObject */ = {
			isa = PBXGroup;
			children = (
			);
			name = ManagedObject;
			sourceTree = "<group>";
		};
		C590630F1E044200007CBC3E /* Network */ = {
			isa = PBXGroup;
			children = (
				C59063131E044213007CBC3E /* MMNetworkConstants.h */,
				C59063101E044200007CBC3E /* MMNetworkManager.h */,
				C59063111E044200007CBC3E /* MMNetworkManager.m */,
			);
			path = Network;
			sourceTree = "<group>";
		};
		C590631D1E045504007CBC3E /* VO */ = {
			isa = PBXGroup;
			children = (
				C590631E1E045519007CBC3E /* UserVO.h */,
				C590631F1E045519007CBC3E /* UserVO.m */,
			);
			name = VO;
			sourceTree = "<group>";
		};
/* End PBXGroup section */

/* Begin PBXNativeTarget section */
		C53B679F1E0424C800E71274 /* MMMobileMoodle */ = {
			isa = PBXNativeTarget;
			buildConfigurationList = C53B67D01E0424C800E71274 /* Build configuration list for PBXNativeTarget "MMMobileMoodle" */;
			buildPhases = (
				33CAC4F32C0BB860BC4CDBFD /* [CP] Check Pods Manifest.lock */,
				C53B679C1E0424C800E71274 /* Sources */,
				C53B679D1E0424C800E71274 /* Frameworks */,
				C53B679E1E0424C800E71274 /* Resources */,
				65A11D6D77CED6C88E8DD0D8 /* [CP] Embed Pods Frameworks */,
				374AFD85D11CCFF473B58F41 /* [CP] Copy Pods Resources */,
			);
			buildRules = (
			);
			dependencies = (
			);
			name = MMMobileMoodle;
			productName = MMMobileMoodle;
			productReference = C53B67A01E0424C800E71274 /* MMMobileMoodle.app */;
			productType = "com.apple.product-type.application";
		};
		C53B67BB1E0424C800E71274 /* MMMobileMoodleTests */ = {
			isa = PBXNativeTarget;
			buildConfigurationList = C53B67D31E0424C800E71274 /* Build configuration list for PBXNativeTarget "MMMobileMoodleTests" */;
			buildPhases = (
				0EB1DDC51E962D88A35E2E8B /* [CP] Check Pods Manifest.lock */,
				C53B67B81E0424C800E71274 /* Sources */,
				C53B67B91E0424C800E71274 /* Frameworks */,
				C53B67BA1E0424C800E71274 /* Resources */,
				787981D841F4FFE038263098 /* [CP] Embed Pods Frameworks */,
				8E5C3C94F235A1FC27B83798 /* [CP] Copy Pods Resources */,
			);
			buildRules = (
			);
			dependencies = (
				C53B67BE1E0424C800E71274 /* PBXTargetDependency */,
			);
			name = MMMobileMoodleTests;
			productName = MMMobileMoodleTests;
			productReference = C53B67BC1E0424C800E71274 /* MMMobileMoodleTests.xctest */;
			productType = "com.apple.product-type.bundle.unit-test";
		};
		C53B67C61E0424C800E71274 /* MMMobileMoodleUITests */ = {
			isa = PBXNativeTarget;
			buildConfigurationList = C53B67D61E0424C800E71274 /* Build configuration list for PBXNativeTarget "MMMobileMoodleUITests" */;
			buildPhases = (
				644A36B3B46D0E1DFA892BC3 /* [CP] Check Pods Manifest.lock */,
				C53B67C31E0424C800E71274 /* Sources */,
				C53B67C41E0424C800E71274 /* Frameworks */,
				C53B67C51E0424C800E71274 /* Resources */,
				07E15FAD85E4DEABC65906E8 /* [CP] Embed Pods Frameworks */,
				87FF6FA91182A621B4B37AE9 /* [CP] Copy Pods Resources */,
			);
			buildRules = (
			);
			dependencies = (
				C53B67C91E0424C800E71274 /* PBXTargetDependency */,
			);
			name = MMMobileMoodleUITests;
			productName = MMMobileMoodleUITests;
			productReference = C53B67C71E0424C800E71274 /* MMMobileMoodleUITests.xctest */;
			productType = "com.apple.product-type.bundle.ui-testing";
		};
/* End PBXNativeTarget section */

/* Begin PBXProject section */
		C53B67981E0424C800E71274 /* Project object */ = {
			isa = PBXProject;
			attributes = {
				LastUpgradeCheck = 0820;
				ORGANIZATIONNAME = huangjw;
				TargetAttributes = {
					C53B679F1E0424C800E71274 = {
						CreatedOnToolsVersion = 8.1;
						DevelopmentTeam = ZFEVCYK5WX;
						LastSwiftMigration = 0810;
						ProvisioningStyle = Automatic;
					};
					C53B67BB1E0424C800E71274 = {
						CreatedOnToolsVersion = 8.1;
						DevelopmentTeam = JXJ9ZF6R76;
						ProvisioningStyle = Automatic;
						TestTargetID = C53B679F1E0424C800E71274;
					};
					C53B67C61E0424C800E71274 = {
						CreatedOnToolsVersion = 8.1;
						DevelopmentTeam = JXJ9ZF6R76;
						ProvisioningStyle = Automatic;
						TestTargetID = C53B679F1E0424C800E71274;
					};
				};
			};
			buildConfigurationList = C53B679B1E0424C800E71274 /* Build configuration list for PBXProject "MMMobileMoodle" */;
			compatibilityVersion = "Xcode 3.2";
			developmentRegion = English;
			hasScannedForEncodings = 0;
			knownRegions = (
				en,
				Base,
			);
			mainGroup = C53B67971E0424C800E71274;
			productRefGroup = C53B67A11E0424C800E71274 /* Products */;
			projectDirPath = "";
			projectRoot = "";
			targets = (
				C53B679F1E0424C800E71274 /* MMMobileMoodle */,
				C53B67BB1E0424C800E71274 /* MMMobileMoodleTests */,
				C53B67C61E0424C800E71274 /* MMMobileMoodleUITests */,
			);
		};
/* End PBXProject section */

/* Begin PBXResourcesBuildPhase section */
		C53B679E1E0424C800E71274 /* Resources */ = {
			isa = PBXResourcesBuildPhase;
			buildActionMask = 2147483647;
			files = (
				C580CE2B1E75607300980375 /* MMArchiveViewController.xib in Resources */,
				C580CE051E7541C200980375 /* SigninViewController.xib in Resources */,
				C580CE301E7560A300980375 /* MMMeViewController.xib in Resources */,
				C53B67B61E0424C800E71274 /* LaunchScreen.storyboard in Resources */,
				C53B67B31E0424C800E71274 /* Assets.xcassets in Resources */,
				C580CE1B1E75536A00980375 /* MMMoodleViewController.xib in Resources */,
			);
			runOnlyForDeploymentPostprocessing = 0;
		};
		C53B67BA1E0424C800E71274 /* Resources */ = {
			isa = PBXResourcesBuildPhase;
			buildActionMask = 2147483647;
			files = (
			);
			runOnlyForDeploymentPostprocessing = 0;
		};
		C53B67C51E0424C800E71274 /* Resources */ = {
			isa = PBXResourcesBuildPhase;
			buildActionMask = 2147483647;
			files = (
			);
			runOnlyForDeploymentPostprocessing = 0;
		};
/* End PBXResourcesBuildPhase section */

/* Begin PBXShellScriptBuildPhase section */
		07E15FAD85E4DEABC65906E8 /* [CP] Embed Pods Frameworks */ = {
			isa = PBXShellScriptBuildPhase;
			buildActionMask = 2147483647;
			files = (
			);
			inputPaths = (
			);
			name = "[CP] Embed Pods Frameworks";
			outputPaths = (
			);
			runOnlyForDeploymentPostprocessing = 0;
			shellPath = /bin/sh;
			shellScript = "\"${SRCROOT}/Pods/Target Support Files/Pods-MMMobileMoodleUITests/Pods-MMMobileMoodleUITests-frameworks.sh\"\n";
			showEnvVarsInLog = 0;
		};
		0EB1DDC51E962D88A35E2E8B /* [CP] Check Pods Manifest.lock */ = {
			isa = PBXShellScriptBuildPhase;
			buildActionMask = 2147483647;
			files = (
			);
			inputPaths = (
			);
			name = "[CP] Check Pods Manifest.lock";
			outputPaths = (
			);
			runOnlyForDeploymentPostprocessing = 0;
			shellPath = /bin/sh;
			shellScript = "diff \"${PODS_ROOT}/../Podfile.lock\" \"${PODS_ROOT}/Manifest.lock\" > /dev/null\nif [ $? != 0 ] ; then\n    # print error to STDERR\n    echo \"error: The sandbox is not in sync with the Podfile.lock. Run 'pod install' or update your CocoaPods installation.\" >&2\n    exit 1\nfi\n";
			showEnvVarsInLog = 0;
		};
		33CAC4F32C0BB860BC4CDBFD /* [CP] Check Pods Manifest.lock */ = {
			isa = PBXShellScriptBuildPhase;
			buildActionMask = 2147483647;
			files = (
			);
			inputPaths = (
			);
			name = "[CP] Check Pods Manifest.lock";
			outputPaths = (
			);
			runOnlyForDeploymentPostprocessing = 0;
			shellPath = /bin/sh;
			shellScript = "diff \"${PODS_ROOT}/../Podfile.lock\" \"${PODS_ROOT}/Manifest.lock\" > /dev/null\nif [ $? != 0 ] ; then\n    # print error to STDERR\n    echo \"error: The sandbox is not in sync with the Podfile.lock. Run 'pod install' or update your CocoaPods installation.\" >&2\n    exit 1\nfi\n";
			showEnvVarsInLog = 0;
		};
		374AFD85D11CCFF473B58F41 /* [CP] Copy Pods Resources */ = {
			isa = PBXShellScriptBuildPhase;
			buildActionMask = 2147483647;
			files = (
			);
			inputPaths = (
			);
			name = "[CP] Copy Pods Resources";
			outputPaths = (
			);
			runOnlyForDeploymentPostprocessing = 0;
			shellPath = /bin/sh;
			shellScript = "\"${SRCROOT}/Pods/Target Support Files/Pods-MMMobileMoodle/Pods-MMMobileMoodle-resources.sh\"\n";
			showEnvVarsInLog = 0;
		};
		644A36B3B46D0E1DFA892BC3 /* [CP] Check Pods Manifest.lock */ = {
			isa = PBXShellScriptBuildPhase;
			buildActionMask = 2147483647;
			files = (
			);
			inputPaths = (
			);
			name = "[CP] Check Pods Manifest.lock";
			outputPaths = (
			);
			runOnlyForDeploymentPostprocessing = 0;
			shellPath = /bin/sh;
			shellScript = "diff \"${PODS_ROOT}/../Podfile.lock\" \"${PODS_ROOT}/Manifest.lock\" > /dev/null\nif [ $? != 0 ] ; then\n    # print error to STDERR\n    echo \"error: The sandbox is not in sync with the Podfile.lock. Run 'pod install' or update your CocoaPods installation.\" >&2\n    exit 1\nfi\n";
			showEnvVarsInLog = 0;
		};
		65A11D6D77CED6C88E8DD0D8 /* [CP] Embed Pods Frameworks */ = {
			isa = PBXShellScriptBuildPhase;
			buildActionMask = 2147483647;
			files = (
			);
			inputPaths = (
			);
			name = "[CP] Embed Pods Frameworks";
			outputPaths = (
			);
			runOnlyForDeploymentPostprocessing = 0;
			shellPath = /bin/sh;
			shellScript = "\"${SRCROOT}/Pods/Target Support Files/Pods-MMMobileMoodle/Pods-MMMobileMoodle-frameworks.sh\"\n";
			showEnvVarsInLog = 0;
		};
		787981D841F4FFE038263098 /* [CP] Embed Pods Frameworks */ = {
			isa = PBXShellScriptBuildPhase;
			buildActionMask = 2147483647;
			files = (
			);
			inputPaths = (
			);
			name = "[CP] Embed Pods Frameworks";
			outputPaths = (
			);
			runOnlyForDeploymentPostprocessing = 0;
			shellPath = /bin/sh;
			shellScript = "\"${SRCROOT}/Pods/Target Support Files/Pods-MMMobileMoodleTests/Pods-MMMobileMoodleTests-frameworks.sh\"\n";
			showEnvVarsInLog = 0;
		};
		87FF6FA91182A621B4B37AE9 /* [CP] Copy Pods Resources */ = {
			isa = PBXShellScriptBuildPhase;
			buildActionMask = 2147483647;
			files = (
			);
			inputPaths = (
			);
			name = "[CP] Copy Pods Resources";
			outputPaths = (
			);
			runOnlyForDeploymentPostprocessing = 0;
			shellPath = /bin/sh;
			shellScript = "\"${SRCROOT}/Pods/Target Support Files/Pods-MMMobileMoodleUITests/Pods-MMMobileMoodleUITests-resources.sh\"\n";
			showEnvVarsInLog = 0;
		};
		8E5C3C94F235A1FC27B83798 /* [CP] Copy Pods Resources */ = {
			isa = PBXShellScriptBuildPhase;
			buildActionMask = 2147483647;
			files = (
			);
			inputPaths = (
			);
			name = "[CP] Copy Pods Resources";
			outputPaths = (
			);
			runOnlyForDeploymentPostprocessing = 0;
			shellPath = /bin/sh;
			shellScript = "\"${SRCROOT}/Pods/Target Support Files/Pods-MMMobileMoodleTests/Pods-MMMobileMoodleTests-resources.sh\"\n";
			showEnvVarsInLog = 0;
		};
/* End PBXShellScriptBuildPhase section */

/* Begin PBXSourcesBuildPhase section */
		C53B679C1E0424C800E71274 /* Sources */ = {
			isa = PBXSourcesBuildPhase;
			buildActionMask = 2147483647;
			files = (
				C59063261E04E74C007CBC3E /* MMMobileMoodle-Bridging-Header.swift in Sources */,
				C580CDFE1E751A9F00980375 /* MMCourseListViewModel.m in Sources */,
				C580CDFB1E751A7300980375 /* MMViewModel.m in Sources */,
				C580CE211E7553B800980375 /* MMMoodleViewController.m in Sources */,
				C580CE101E7543C600980375 /* MMArchiveViewModel.m in Sources */,
				C53B67B11E0424C800E71274 /* MMMobileMoodle.xcdatamodeld in Sources */,
				C59063121E044200007CBC3E /* MMNetworkManager.m in Sources */,
				C59062F91E04311C007CBC3E /* RequestParameter.m in Sources */,
				C580CE141E7543E000980375 /* MMMeViewModel.m in Sources */,
				C59062F71E04311C007CBC3E /* JWHTTPSessionManager.m in Sources */,
				C59063201E045519007CBC3E /* UserVO.m in Sources */,
				C53B67A81E0424C800E71274 /* AppDelegate.m in Sources */,
				C580CE291E75605A00980375 /* MMArchiveViewController.m in Sources */,
				C59062EA1E04311C007CBC3E /* DatabaseManager.m in Sources */,
				C580CE021E753F4000980375 /* MMViewModelServiceImpl.m in Sources */,
				C59062F81E04311C007CBC3E /* NetworkFile.m in Sources */,
				C580CE2E1E75609200980375 /* MMMeViewController.m in Sources */,
				C580CE1E1E7553A100980375 /* MMBaseViewController.m in Sources */,
				C53B67A51E0424C800E71274 /* main.m in Sources */,
				C580CE181E75443500980375 /* MMMoodleViewModel.m in Sources */,
				C580CE081E7541FA00980375 /* SigninViewController.m in Sources */,
				C580CE0C1E75436E00980375 /* MMSigninViewModel.m in Sources */,
				C590630A1E043B66007CBC3E /* AccountInfo.m in Sources */,
			);
			runOnlyForDeploymentPostprocessing = 0;
		};
		C53B67B81E0424C800E71274 /* Sources */ = {
			isa = PBXSourcesBuildPhase;
			buildActionMask = 2147483647;
			files = (
				C53B67C11E0424C800E71274 /* MMMobileMoodleTests.m in Sources */,
			);
			runOnlyForDeploymentPostprocessing = 0;
		};
		C53B67C31E0424C800E71274 /* Sources */ = {
			isa = PBXSourcesBuildPhase;
			buildActionMask = 2147483647;
			files = (
				C53B67CC1E0424C800E71274 /* MMMobileMoodleUITests.m in Sources */,
			);
			runOnlyForDeploymentPostprocessing = 0;
		};
/* End PBXSourcesBuildPhase section */

/* Begin PBXTargetDependency section */
		C53B67BE1E0424C800E71274 /* PBXTargetDependency */ = {
			isa = PBXTargetDependency;
			target = C53B679F1E0424C800E71274 /* MMMobileMoodle */;
			targetProxy = C53B67BD1E0424C800E71274 /* PBXContainerItemProxy */;
		};
		C53B67C91E0424C800E71274 /* PBXTargetDependency */ = {
			isa = PBXTargetDependency;
			target = C53B679F1E0424C800E71274 /* MMMobileMoodle */;
			targetProxy = C53B67C81E0424C800E71274 /* PBXContainerItemProxy */;
		};
/* End PBXTargetDependency section */

/* Begin PBXVariantGroup section */
		C53B67B41E0424C800E71274 /* LaunchScreen.storyboard */ = {
			isa = PBXVariantGroup;
			children = (
				C53B67B51E0424C800E71274 /* Base */,
			);
			name = LaunchScreen.storyboard;
			sourceTree = "<group>";
		};
/* End PBXVariantGroup section */

/* Begin XCBuildConfiguration section */
		C53B67CE1E0424C800E71274 /* Debug */ = {
			isa = XCBuildConfiguration;
			buildSettings = {
				ALWAYS_SEARCH_USER_PATHS = NO;
				CLANG_ANALYZER_NONNULL = YES;
				CLANG_CXX_LANGUAGE_STANDARD = "gnu++0x";
				CLANG_CXX_LIBRARY = "libc++";
				CLANG_ENABLE_MODULES = YES;
				CLANG_ENABLE_OBJC_ARC = YES;
				CLANG_WARN_BOOL_CONVERSION = YES;
				CLANG_WARN_CONSTANT_CONVERSION = YES;
				CLANG_WARN_DIRECT_OBJC_ISA_USAGE = YES_ERROR;
				CLANG_WARN_DOCUMENTATION_COMMENTS = YES;
				CLANG_WARN_EMPTY_BODY = YES;
				CLANG_WARN_ENUM_CONVERSION = YES;
				CLANG_WARN_INFINITE_RECURSION = YES;
				CLANG_WARN_INT_CONVERSION = YES;
				CLANG_WARN_OBJC_ROOT_CLASS = YES_ERROR;
				CLANG_WARN_SUSPICIOUS_MOVE = YES;
				CLANG_WARN_SUSPICIOUS_MOVES = YES;
				CLANG_WARN_UNREACHABLE_CODE = YES;
				CLANG_WARN__DUPLICATE_METHOD_MATCH = YES;
				"CODE_SIGN_IDENTITY[sdk=iphoneos*]" = "iPhone Developer";
				COPY_PHASE_STRIP = NO;
				DEBUG_INFORMATION_FORMAT = dwarf;
				ENABLE_STRICT_OBJC_MSGSEND = YES;
				ENABLE_TESTABILITY = YES;
				GCC_C_LANGUAGE_STANDARD = gnu99;
				GCC_DYNAMIC_NO_PIC = NO;
				GCC_NO_COMMON_BLOCKS = YES;
				GCC_OPTIMIZATION_LEVEL = 0;
				GCC_PREPROCESSOR_DEFINITIONS = (
					"DEBUG=1",
					"$(inherited)",
				);
				GCC_WARN_64_TO_32_BIT_CONVERSION = YES;
				GCC_WARN_ABOUT_RETURN_TYPE = YES_ERROR;
				GCC_WARN_UNDECLARED_SELECTOR = YES;
				GCC_WARN_UNINITIALIZED_AUTOS = YES_AGGRESSIVE;
				GCC_WARN_UNUSED_FUNCTION = YES;
				GCC_WARN_UNUSED_VARIABLE = YES;
				IPHONEOS_DEPLOYMENT_TARGET = 10.1;
				MTL_ENABLE_DEBUG_INFO = YES;
				ONLY_ACTIVE_ARCH = YES;
				SDKROOT = iphoneos;
				TARGETED_DEVICE_FAMILY = "1,2";
			};
			name = Debug;
		};
		C53B67CF1E0424C800E71274 /* Release */ = {
			isa = XCBuildConfiguration;
			buildSettings = {
				ALWAYS_SEARCH_USER_PATHS = NO;
				CLANG_ANALYZER_NONNULL = YES;
				CLANG_CXX_LANGUAGE_STANDARD = "gnu++0x";
				CLANG_CXX_LIBRARY = "libc++";
				CLANG_ENABLE_MODULES = YES;
				CLANG_ENABLE_OBJC_ARC = YES;
				CLANG_WARN_BOOL_CONVERSION = YES;
				CLANG_WARN_CONSTANT_CONVERSION = YES;
				CLANG_WARN_DIRECT_OBJC_ISA_USAGE = YES_ERROR;
				CLANG_WARN_DOCUMENTATION_COMMENTS = YES;
				CLANG_WARN_EMPTY_BODY = YES;
				CLANG_WARN_ENUM_CONVERSION = YES;
				CLANG_WARN_INFINITE_RECURSION = YES;
				CLANG_WARN_INT_CONVERSION = YES;
				CLANG_WARN_OBJC_ROOT_CLASS = YES_ERROR;
				CLANG_WARN_SUSPICIOUS_MOVE = YES;
				CLANG_WARN_SUSPICIOUS_MOVES = YES;
				CLANG_WARN_UNREACHABLE_CODE = YES;
				CLANG_WARN__DUPLICATE_METHOD_MATCH = YES;
				"CODE_SIGN_IDENTITY[sdk=iphoneos*]" = "iPhone Developer";
				COPY_PHASE_STRIP = NO;
				DEBUG_INFORMATION_FORMAT = "dwarf-with-dsym";
				ENABLE_NS_ASSERTIONS = NO;
				ENABLE_STRICT_OBJC_MSGSEND = YES;
				GCC_C_LANGUAGE_STANDARD = gnu99;
				GCC_NO_COMMON_BLOCKS = YES;
				GCC_WARN_64_TO_32_BIT_CONVERSION = YES;
				GCC_WARN_ABOUT_RETURN_TYPE = YES_ERROR;
				GCC_WARN_UNDECLARED_SELECTOR = YES;
				GCC_WARN_UNINITIALIZED_AUTOS = YES_AGGRESSIVE;
				GCC_WARN_UNUSED_FUNCTION = YES;
				GCC_WARN_UNUSED_VARIABLE = YES;
				IPHONEOS_DEPLOYMENT_TARGET = 10.1;
				MTL_ENABLE_DEBUG_INFO = NO;
				SDKROOT = iphoneos;
				SWIFT_OPTIMIZATION_LEVEL = "-Owholemodule";
				TARGETED_DEVICE_FAMILY = "1,2";
				VALIDATE_PRODUCT = YES;
			};
			name = Release;
		};
		C53B67D11E0424C800E71274 /* Debug */ = {
			isa = XCBuildConfiguration;
			baseConfigurationReference = CDE3FEDA6A623E7307F6BA0E /* Pods-MMMobileMoodle.debug.xcconfig */;
			buildSettings = {
				ASSETCATALOG_COMPILER_APPICON_NAME = AppIcon;
				CLANG_ENABLE_MODULES = YES;
				DEFINES_MODULE = YES;
				DEVELOPMENT_TEAM = ZFEVCYK5WX;
				INFOPLIST_FILE = MMMobileMoodle/Info.plist;
				IPHONEOS_DEPLOYMENT_TARGET = 9.0;
				LD_RUNPATH_SEARCH_PATHS = "$(inherited) @executable_path/Frameworks";
				PRODUCT_BUNDLE_IDENTIFIER = first.MMMobileMoodle;
				PRODUCT_NAME = "$(TARGET_NAME)";
				SWIFT_OBJC_BRIDGING_HEADER = "MMMobileMoodle/MMMobileMoodle-Bridging-Header.h";
				SWIFT_OPTIMIZATION_LEVEL = "-Onone";
				SWIFT_VERSION = 3.0;
			};
			name = Debug;
		};
		C53B67D21E0424C800E71274 /* Release */ = {
			isa = XCBuildConfiguration;
			baseConfigurationReference = 803123F2CAC5DA666D9DBB01 /* Pods-MMMobileMoodle.release.xcconfig */;
			buildSettings = {
				ASSETCATALOG_COMPILER_APPICON_NAME = AppIcon;
				CLANG_ENABLE_MODULES = YES;
				DEFINES_MODULE = YES;
				DEVELOPMENT_TEAM = ZFEVCYK5WX;
				INFOPLIST_FILE = MMMobileMoodle/Info.plist;
				IPHONEOS_DEPLOYMENT_TARGET = 9.0;
				LD_RUNPATH_SEARCH_PATHS = "$(inherited) @executable_path/Frameworks";
				PRODUCT_BUNDLE_IDENTIFIER = first.MMMobileMoodle;
				PRODUCT_NAME = "$(TARGET_NAME)";
				SWIFT_OBJC_BRIDGING_HEADER = "MMMobileMoodle/MMMobileMoodle-Bridging-Header.h";
				SWIFT_VERSION = 3.0;
			};
			name = Release;
		};
		C53B67D41E0424C800E71274 /* Debug */ = {
			isa = XCBuildConfiguration;
			baseConfigurationReference = 2055FFCAD3DAD8130432453D /* Pods-MMMobileMoodleTests.debug.xcconfig */;
			buildSettings = {
				ALWAYS_EMBED_SWIFT_STANDARD_LIBRARIES = YES;
				BUNDLE_LOADER = "$(TEST_HOST)";
				DEVELOPMENT_TEAM = JXJ9ZF6R76;
				INFOPLIST_FILE = MMMobileMoodleTests/Info.plist;
				LD_RUNPATH_SEARCH_PATHS = "$(inherited) @executable_path/Frameworks @loader_path/Frameworks";
				PRODUCT_BUNDLE_IDENTIFIER = first.MMMobileMoodleTests;
				PRODUCT_NAME = "$(TARGET_NAME)";
				TEST_HOST = "$(BUILT_PRODUCTS_DIR)/MMMobileMoodle.app/MMMobileMoodle";
			};
			name = Debug;
		};
		C53B67D51E0424C800E71274 /* Release */ = {
			isa = XCBuildConfiguration;
			baseConfigurationReference = 47063E6BE477996728EE7E60 /* Pods-MMMobileMoodleTests.release.xcconfig */;
			buildSettings = {
				ALWAYS_EMBED_SWIFT_STANDARD_LIBRARIES = YES;
				BUNDLE_LOADER = "$(TEST_HOST)";
				DEVELOPMENT_TEAM = JXJ9ZF6R76;
				INFOPLIST_FILE = MMMobileMoodleTests/Info.plist;
				LD_RUNPATH_SEARCH_PATHS = "$(inherited) @executable_path/Frameworks @loader_path/Frameworks";
				PRODUCT_BUNDLE_IDENTIFIER = first.MMMobileMoodleTests;
				PRODUCT_NAME = "$(TARGET_NAME)";
				TEST_HOST = "$(BUILT_PRODUCTS_DIR)/MMMobileMoodle.app/MMMobileMoodle";
			};
			name = Release;
		};
		C53B67D71E0424C800E71274 /* Debug */ = {
			isa = XCBuildConfiguration;
			baseConfigurationReference = 5046A3D7F145C87166D4C89E /* Pods-MMMobileMoodleUITests.debug.xcconfig */;
			buildSettings = {
				ALWAYS_EMBED_SWIFT_STANDARD_LIBRARIES = YES;
				DEVELOPMENT_TEAM = JXJ9ZF6R76;
				INFOPLIST_FILE = MMMobileMoodleUITests/Info.plist;
				LD_RUNPATH_SEARCH_PATHS = "$(inherited) @executable_path/Frameworks @loader_path/Frameworks";
				PRODUCT_BUNDLE_IDENTIFIER = first.MMMobileMoodleUITests;
				PRODUCT_NAME = "$(TARGET_NAME)";
				TEST_TARGET_NAME = MMMobileMoodle;
			};
			name = Debug;
		};
		C53B67D81E0424C800E71274 /* Release */ = {
			isa = XCBuildConfiguration;
			baseConfigurationReference = C2008A73190C3C3D12083BBF /* Pods-MMMobileMoodleUITests.release.xcconfig */;
			buildSettings = {
				ALWAYS_EMBED_SWIFT_STANDARD_LIBRARIES = YES;
				DEVELOPMENT_TEAM = JXJ9ZF6R76;
				INFOPLIST_FILE = MMMobileMoodleUITests/Info.plist;
				LD_RUNPATH_SEARCH_PATHS = "$(inherited) @executable_path/Frameworks @loader_path/Frameworks";
				PRODUCT_BUNDLE_IDENTIFIER = first.MMMobileMoodleUITests;
				PRODUCT_NAME = "$(TARGET_NAME)";
				TEST_TARGET_NAME = MMMobileMoodle;
			};
			name = Release;
		};
/* End XCBuildConfiguration section */

/* Begin XCConfigurationList section */
		C53B679B1E0424C800E71274 /* Build configuration list for PBXProject "MMMobileMoodle" */ = {
			isa = XCConfigurationList;
			buildConfigurations = (
				C53B67CE1E0424C800E71274 /* Debug */,
				C53B67CF1E0424C800E71274 /* Release */,
			);
			defaultConfigurationIsVisible = 0;
			defaultConfigurationName = Release;
		};
		C53B67D01E0424C800E71274 /* Build configuration list for PBXNativeTarget "MMMobileMoodle" */ = {
			isa = XCConfigurationList;
			buildConfigurations = (
				C53B67D11E0424C800E71274 /* Debug */,
				C53B67D21E0424C800E71274 /* Release */,
			);
			defaultConfigurationIsVisible = 0;
			defaultConfigurationName = Release;
		};
		C53B67D31E0424C800E71274 /* Build configuration list for PBXNativeTarget "MMMobileMoodleTests" */ = {
			isa = XCConfigurationList;
			buildConfigurations = (
				C53B67D41E0424C800E71274 /* Debug */,
				C53B67D51E0424C800E71274 /* Release */,
			);
			defaultConfigurationIsVisible = 0;
			defaultConfigurationName = Release;
		};
		C53B67D61E0424C800E71274 /* Build configuration list for PBXNativeTarget "MMMobileMoodleUITests" */ = {
			isa = XCConfigurationList;
			buildConfigurations = (
				C53B67D71E0424C800E71274 /* Debug */,
				C53B67D81E0424C800E71274 /* Release */,
			);
			defaultConfigurationIsVisible = 0;
			defaultConfigurationName = Release;
		};
/* End XCConfigurationList section */

/* Begin XCVersionGroup section */
		C53B67AF1E0424C800E71274 /* MMMobileMoodle.xcdatamodeld */ = {
			isa = XCVersionGroup;
			children = (
				C53B67B01E0424C800E71274 /* MMMobileMoodle.xcdatamodel */,
			);
			currentVersion = C53B67B01E0424C800E71274 /* MMMobileMoodle.xcdatamodel */;
			path = MMMobileMoodle.xcdatamodeld;
			sourceTree = "<group>";
			versionGroupType = wrapper.xcdatamodel;
		};
/* End XCVersionGroup section */
	};
	rootObject = C53B67981E0424C800E71274 /* Project object */;
}
